
Microsoft Visual Studio Solution File, Format Version 12.00
# Visual Studio Version 17
VisualStudioVersion = 17.5.33627.172
MinimumVisualStudioVersion = 10.0.40219.1
Project("{FAE04EC0-301F-11D3-BF4B-00C04F79EFBC}") = "CapaDatos", "CapaDatos\CapaDatos.csproj", "{B8EF931D-26EC-43C6-8278-14BC970D122F}"
EndProject
Project("{FAE04EC0-301F-11D3-BF4B-00C04F79EFBC}") = "Entidades", "Entidades\Entidades.csproj", "{B5FC9938-2978-4E3D-BB44-F03F62EFA19B}"
EndProject
Project("{FAE04EC0-301F-11D3-BF4B-00C04F79EFBC}") = "CapaPresentacion", "CapaPresentacion\CapaPresentacion.csproj", "{74F1760C-F22F-4817-B4BE-FB9EF8D65B93}"
EndProject
Global
	GlobalSection(SolutionConfigurationPlatforms) = preSolution
		Debug|Any CPU = Debug|Any CPU
		Release|Any CPU = Release|Any CPU
	EndGlobalSection
	GlobalSection(ProjectConfigurationPlatforms) = postSolution
		{B8EF931D-26EC-43C6-8278-14BC970D122F}.Debug|Any CPU.ActiveCfg = Debug|Any CPU
		{B8EF931D-26EC-43C6-8278-14BC970D122F}.Debug|Any CPU.Build.0 = Debug|Any CPU
		{B8EF931D-26EC-43C6-8278-14BC970D122F}.Release|Any CPU.ActiveCfg = Release|Any CPU
		{B8EF931D-26EC-43C6-8278-14BC970D122F}.Release|Any CPU.Build.0 = Release|Any CPU
		{B5FC9938-2978-4E3D-BB44-F03F62EFA19B}.Debug|Any CPU.ActiveCfg = Debug|Any CPU
		{B5FC9938-2978-4E3D-BB44-F03F62EFA19B}.Debug|Any CPU.Build.0 = Debug|Any CPU
		{B5FC9938-2978-4E3D-BB44-F03F62EFA19B}.Release|Any CPU.ActiveCfg = Release|Any CPU
		{B5FC9938-2978-4E3D-BB44-F03F62EFA19B}.Release|Any CPU.Build.0 = Release|Any CPU
		{74F1760C-F22F-4817-B4BE-FB9EF8D65B93}.Debug|Any CPU.ActiveCfg = Debug|Any CPU
		{74F1760C-F22F-4817-B4BE-FB9EF8D65B93}.Debug|Any CPU.Build.0 = Debug|Any CPU
		{74F1760C-F22F-4817-B4BE-FB9EF8D65B93}.Release|Any CPU.ActiveCfg = Release|Any CPU
		{74F1760C-F22F-4817-B4BE-FB9EF8D65B93}.Release|Any CPU.Build.0 = Release|Any CPU
	EndGlobalSection
	GlobalSection(SolutionProperties) = preSolution
		HideSolutionNode = FALSE
	EndGlobalSection
	GlobalSection(ExtensibilityGlobals) = postSolution
		SolutionGuid = {4E76522D-8952-441A-A9BF-3212073F1F60}
	EndGlobalSection
EndGlobal
